// !$*UTF8*$!
{
	archiveVersion = 1;
	classes = {
	};
	objectVersion = 55;
	objects = {

/* Begin PBXBuildFile section */
		C75FB8DC282DB8AA00F5C850 /* AppDelegate.swift in Sources */ = {isa = PBXBuildFile; fileRef = C75FB8DB282DB8AA00F5C850 /* AppDelegate.swift */; };
		C75FB8DE282DB8AA00F5C850 /* SceneDelegate.swift in Sources */ = {isa = PBXBuildFile; fileRef = C75FB8DD282DB8AA00F5C850 /* SceneDelegate.swift */; };
		C75FB8E0282DB8AA00F5C850 /* Home.swift in Sources */ = {isa = PBXBuildFile; fileRef = C75FB8DF282DB8AA00F5C850 /* Home.swift */; };
		C75FB8E3282DB8AA00F5C850 /* Main.storyboard in Resources */ = {isa = PBXBuildFile; fileRef = C75FB8E1282DB8AA00F5C850 /* Main.storyboard */; };
		C75FB8E5282DB8AC00F5C850 /* Assets.xcassets in Resources */ = {isa = PBXBuildFile; fileRef = C75FB8E4282DB8AC00F5C850 /* Assets.xcassets */; };
		C75FB8E8282DB8AC00F5C850 /* LaunchScreen.storyboard in Resources */ = {isa = PBXBuildFile; fileRef = C75FB8E6282DB8AC00F5C850 /* LaunchScreen.storyboard */; };
		C75FB8F4282DBB4100F5C850 /* MoviesListModel.swift in Sources */ = {isa = PBXBuildFile; fileRef = C75FB8F3282DBB4100F5C850 /* MoviesListModel.swift */; };
		C75FB8F6282DBB5200F5C850 /* ExternalData.swift in Sources */ = {isa = PBXBuildFile; fileRef = C75FB8F5282DBB5200F5C850 /* ExternalData.swift */; };
		C75FB8F9282DDAB800F5C850 /* MovieCell.swift in Sources */ = {isa = PBXBuildFile; fileRef = C75FB8F7282DDAB800F5C850 /* MovieCell.swift */; };
		C75FB8FA282DDAB800F5C850 /* MovieCell.xib in Resources */ = {isa = PBXBuildFile; fileRef = C75FB8F8282DDAB800F5C850 /* MovieCell.xib */; };
		C75FB8FC282DDEA500F5C850 /* MoviesHome.swift in Sources */ = {isa = PBXBuildFile; fileRef = C75FB8FB282DDEA500F5C850 /* MoviesHome.swift */; };
		C75FB922282DE18F00F5C850 /* TrendingMoviesExtension.swift in Sources */ = {isa = PBXBuildFile; fileRef = C75FB921282DE18F00F5C850 /* TrendingMoviesExtension.swift */; };
		C75FB925282DE48A00F5C850 /* Kingfisher in Frameworks */ = {isa = PBXBuildFile; productRef = C75FB924282DE48A00F5C850 /* Kingfisher */; };
		C75FB927282E213100F5C850 /* HomeViewModel.swift in Sources */ = {isa = PBXBuildFile; fileRef = C75FB926282E213100F5C850 /* HomeViewModel.swift */; };
		C75FB92D282E3E6300F5C850 /* DescriptionMovie.swift in Sources */ = {isa = PBXBuildFile; fileRef = C75FB92C282E3E6300F5C850 /* DescriptionMovie.swift */; };
		C75FB92F282E3EAE00F5C850 /* SingleMediaModel.swift in Sources */ = {isa = PBXBuildFile; fileRef = C75FB92E282E3EAE00F5C850 /* SingleMediaModel.swift */; };
		C78F35E1282F5C63001E1D12 /* DescriptionSingleMovieExtension.swift in Sources */ = {isa = PBXBuildFile; fileRef = C78F35E0282F5C63001E1D12 /* DescriptionSingleMovieExtension.swift */; };
		C795F1F5282FB399002184E3 /* MoviesViewModel.swift in Sources */ = {isa = PBXBuildFile; fileRef = C795F1F4282FB399002184E3 /* MoviesViewModel.swift */; };
		C79C1064282F78F6007870E8 /* GoogleService-Info.plist in Resources */ = {isa = PBXBuildFile; fileRef = C79C1063282F78F6007870E8 /* GoogleService-Info.plist */; };
/* End PBXBuildFile section */

/* Begin PBXFileReference section */
		C75FB8D8282DB8AA00F5C850 /* MoviesApp.app */ = {isa = PBXFileReference; explicitFileType = wrapper.application; includeInIndex = 0; path = MoviesApp.app; sourceTree = BUILT_PRODUCTS_DIR; };
		C75FB8DB282DB8AA00F5C850 /* AppDelegate.swift */ = {isa = PBXFileReference; lastKnownFileType = sourcecode.swift; path = AppDelegate.swift; sourceTree = "<group>"; };
		C75FB8DD282DB8AA00F5C850 /* SceneDelegate.swift */ = {isa = PBXFileReference; lastKnownFileType = sourcecode.swift; path = SceneDelegate.swift; sourceTree = "<group>"; };
		C75FB8DF282DB8AA00F5C850 /* Home.swift */ = {isa = PBXFileReference; lastKnownFileType = sourcecode.swift; path = Home.swift; sourceTree = "<group>"; };
		C75FB8E2282DB8AA00F5C850 /* Base */ = {isa = PBXFileReference; lastKnownFileType = file.storyboard; name = Base; path = Base.lproj/Main.storyboard; sourceTree = "<group>"; };
		C75FB8E4282DB8AC00F5C850 /* Assets.xcassets */ = {isa = PBXFileReference; lastKnownFileType = folder.assetcatalog; path = Assets.xcassets; sourceTree = "<group>"; };
		C75FB8E7282DB8AC00F5C850 /* Base */ = {isa = PBXFileReference; lastKnownFileType = file.storyboard; name = Base; path = Base.lproj/LaunchScreen.storyboard; sourceTree = "<group>"; };
		C75FB8E9282DB8AC00F5C850 /* Info.plist */ = {isa = PBXFileReference; lastKnownFileType = text.plist.xml; path = Info.plist; sourceTree = "<group>"; };
		C75FB8F3282DBB4100F5C850 /* MoviesListModel.swift */ = {isa = PBXFileReference; lastKnownFileType = sourcecode.swift; path = MoviesListModel.swift; sourceTree = "<group>"; };
		C75FB8F5282DBB5200F5C850 /* ExternalData.swift */ = {isa = PBXFileReference; lastKnownFileType = sourcecode.swift; path = ExternalData.swift; sourceTree = "<group>"; };
		C75FB8F7282DDAB800F5C850 /* MovieCell.swift */ = {isa = PBXFileReference; lastKnownFileType = sourcecode.swift; path = MovieCell.swift; sourceTree = "<group>"; };
		C75FB8F8282DDAB800F5C850 /* MovieCell.xib */ = {isa = PBXFileReference; lastKnownFileType = file.xib; path = MovieCell.xib; sourceTree = "<group>"; };
		C75FB8FB282DDEA500F5C850 /* MoviesHome.swift */ = {isa = PBXFileReference; lastKnownFileType = sourcecode.swift; path = MoviesHome.swift; sourceTree = "<group>"; };
		C75FB921282DE18F00F5C850 /* TrendingMoviesExtension.swift */ = {isa = PBXFileReference; lastKnownFileType = sourcecode.swift; path = TrendingMoviesExtension.swift; sourceTree = "<group>"; };
		C75FB926282E213100F5C850 /* HomeViewModel.swift */ = {isa = PBXFileReference; lastKnownFileType = sourcecode.swift; path = HomeViewModel.swift; sourceTree = "<group>"; };
		C75FB92C282E3E6300F5C850 /* DescriptionMovie.swift */ = {isa = PBXFileReference; lastKnownFileType = sourcecode.swift; path = DescriptionMovie.swift; sourceTree = "<group>"; };
		C75FB92E282E3EAE00F5C850 /* SingleMediaModel.swift */ = {isa = PBXFileReference; lastKnownFileType = sourcecode.swift; path = SingleMediaModel.swift; sourceTree = "<group>"; };
		C78F35E0282F5C63001E1D12 /* DescriptionSingleMovieExtension.swift */ = {isa = PBXFileReference; lastKnownFileType = sourcecode.swift; path = DescriptionSingleMovieExtension.swift; sourceTree = "<group>"; };
		C795F1F4282FB399002184E3 /* MoviesViewModel.swift */ = {isa = PBXFileReference; lastKnownFileType = sourcecode.swift; path = MoviesViewModel.swift; sourceTree = "<group>"; };
		C79C1063282F78F6007870E8 /* GoogleService-Info.plist */ = {isa = PBXFileReference; fileEncoding = 4; lastKnownFileType = text.plist.xml; name = "GoogleService-Info.plist"; path = "../../../../Downloads/GoogleService-Info.plist"; sourceTree = "<group>"; };
/* End PBXFileReference section */

/* Begin PBXFrameworksBuildPhase section */
		C75FB8D5282DB8AA00F5C850 /* Frameworks */ = {
			isa = PBXFrameworksBuildPhase;
			buildActionMask = 2147483647;
			files = (
				C75FB925282DE48A00F5C850 /* Kingfisher in Frameworks */,
			);
			runOnlyForDeploymentPostprocessing = 0;
		};
/* End PBXFrameworksBuildPhase section */

/* Begin PBXGroup section */
		C75FB8CF282DB8AA00F5C850 = {
			isa = PBXGroup;
			children = (
				C75FB8DA282DB8AA00F5C850 /* MoviesApp */,
				C75FB8D9282DB8AA00F5C850 /* Products */,
			);
			sourceTree = "<group>";
		};
		C75FB8D9282DB8AA00F5C850 /* Products */ = {
			isa = PBXGroup;
			children = (
				C75FB8D8282DB8AA00F5C850 /* MoviesApp.app */,
			);
			name = Products;
			sourceTree = "<group>";
		};
		C75FB8DA282DB8AA00F5C850 /* MoviesApp */ = {
			isa = PBXGroup;
			children = (
				C75FB920282DE16800F5C850 /* Extensions */,
				C75FB8F2282DB92000F5C850 /* Movies */,
				C75FB8DB282DB8AA00F5C850 /* AppDelegate.swift */,
				C75FB8DD282DB8AA00F5C850 /* SceneDelegate.swift */,
				C75FB8E1282DB8AA00F5C850 /* Main.storyboard */,
				C75FB8F8282DDAB800F5C850 /* MovieCell.xib */,
				C75FB8E6282DB8AC00F5C850 /* LaunchScreen.storyboard */,
				C75FB8E4282DB8AC00F5C850 /* Assets.xcassets */,
				C75FB8E9282DB8AC00F5C850 /* Info.plist */,
				C79C1063282F78F6007870E8 /* GoogleService-Info.plist */,
			);
			path = MoviesApp;
			sourceTree = "<group>";
		};
		C75FB8EF282DB8C300F5C850 /* Model */ = {
			isa = PBXGroup;
			children = (
				C75FB8F3282DBB4100F5C850 /* MoviesListModel.swift */,
				C75FB92E282E3EAE00F5C850 /* SingleMediaModel.swift */,
				C75FB8F5282DBB5200F5C850 /* ExternalData.swift */,
			);
			path = Model;
			sourceTree = "<group>";
		};
		C75FB8F0282DB8E100F5C850 /* View */ = {
			isa = PBXGroup;
			children = (
				C75FB8F7282DDAB800F5C850 /* MovieCell.swift */,
				C75FB8DF282DB8AA00F5C850 /* Home.swift */,
				C75FB8FB282DDEA500F5C850 /* MoviesHome.swift */,
				C75FB92C282E3E6300F5C850 /* DescriptionMovie.swift */,
			);
			path = View;
			sourceTree = "<group>";
		};
		C75FB8F1282DB8F800F5C850 /* ViewModel */ = {
			isa = PBXGroup;
			children = (
				C75FB926282E213100F5C850 /* HomeViewModel.swift */,
				C795F1F4282FB399002184E3 /* MoviesViewModel.swift */,
			);
			path = ViewModel;
			sourceTree = "<group>";
		};
		C75FB8F2282DB92000F5C850 /* Movies */ = {
			isa = PBXGroup;
			children = (
				C75FB8EF282DB8C300F5C850 /* Model */,
				C75FB8F0282DB8E100F5C850 /* View */,
				C75FB8F1282DB8F800F5C850 /* ViewModel */,
			);
			path = Movies;
			sourceTree = "<group>";
		};
		C75FB920282DE16800F5C850 /* Extensions */ = {
			isa = PBXGroup;
			children = (
				C75FB921282DE18F00F5C850 /* TrendingMoviesExtension.swift */,
				C78F35E0282F5C63001E1D12 /* DescriptionSingleMovieExtension.swift */,
			);
			path = Extensions;
			sourceTree = "<group>";
		};
/* End PBXGroup section */

/* Begin PBXNativeTarget section */
		C75FB8D7282DB8AA00F5C850 /* MoviesApp */ = {
			isa = PBXNativeTarget;
			buildConfigurationList = C75FB8EC282DB8AC00F5C850 /* Build configuration list for PBXNativeTarget "MoviesApp" */;
			buildPhases = (
				C75FB8D4282DB8AA00F5C850 /* Sources */,
				C75FB8D5282DB8AA00F5C850 /* Frameworks */,
				C75FB8D6282DB8AA00F5C850 /* Resources */,
			);
			buildRules = (
			);
			dependencies = (
			);
			name = MoviesApp;
			packageProductDependencies = (
				C75FB924282DE48A00F5C850 /* Kingfisher */,
			);
			productName = MoviesApp;
			productReference = C75FB8D8282DB8AA00F5C850 /* MoviesApp.app */;
			productType = "com.apple.product-type.application";
		};
/* End PBXNativeTarget section */

/* Begin PBXProject section */
		C75FB8D0282DB8AA00F5C850 /* Project object */ = {
			isa = PBXProject;
			attributes = {
				BuildIndependentTargetsInParallel = 1;
				LastSwiftUpdateCheck = 1330;
				LastUpgradeCheck = 1330;
				TargetAttributes = {
					C75FB8D7282DB8AA00F5C850 = {
						CreatedOnToolsVersion = 13.3.1;
					};
				};
			};
			buildConfigurationList = C75FB8D3282DB8AA00F5C850 /* Build configuration list for PBXProject "MoviesApp" */;
			compatibilityVersion = "Xcode 13.0";
			developmentRegion = en;
			hasScannedForEncodings = 0;
			knownRegions = (
				en,
				Base,
			);
			mainGroup = C75FB8CF282DB8AA00F5C850;
			packageReferences = (
				C75FB923282DE48A00F5C850 /* XCRemoteSwiftPackageReference "Kingfisher" */,
			);
			productRefGroup = C75FB8D9282DB8AA00F5C850 /* Products */;
			projectDirPath = "";
			projectRoot = "";
			targets = (
				C75FB8D7282DB8AA00F5C850 /* MoviesApp */,
			);
		};
/* End PBXProject section */

/* Begin PBXResourcesBuildPhase section */
		C75FB8D6282DB8AA00F5C850 /* Resources */ = {
			isa = PBXResourcesBuildPhase;
			buildActionMask = 2147483647;
			files = (
				C75FB8E8282DB8AC00F5C850 /* LaunchScreen.storyboard in Resources */,
				C75FB8E5282DB8AC00F5C850 /* Assets.xcassets in Resources */,
				C79C1064282F78F6007870E8 /* GoogleService-Info.plist in Resources */,
				C75FB8FA282DDAB800F5C850 /* MovieCell.xib in Resources */,
				C75FB8E3282DB8AA00F5C850 /* Main.storyboard in Resources */,
			);
			runOnlyForDeploymentPostprocessing = 0;
		};
/* End PBXResourcesBuildPhase section */

/* Begin PBXSourcesBuildPhase section */
		C75FB8D4282DB8AA00F5C850 /* Sources */ = {
			isa = PBXSourcesBuildPhase;
			buildActionMask = 2147483647;
			files = (
				C75FB92F282E3EAE00F5C850 /* SingleMediaModel.swift in Sources */,
				C75FB8F6282DBB5200F5C850 /* ExternalData.swift in Sources */,
				C75FB927282E213100F5C850 /* HomeViewModel.swift in Sources */,
				C75FB8E0282DB8AA00F5C850 /* Home.swift in Sources */,
				C75FB8F9282DDAB800F5C850 /* MovieCell.swift in Sources */,
				C75FB92D282E3E6300F5C850 /* DescriptionMovie.swift in Sources */,
				C75FB922282DE18F00F5C850 /* TrendingMoviesExtension.swift in Sources */,
				C795F1F5282FB399002184E3 /* MoviesViewModel.swift in Sources */,
				C78F35E1282F5C63001E1D12 /* DescriptionSingleMovieExtension.swift in Sources */,
				C75FB8DC282DB8AA00F5C850 /* AppDelegate.swift in Sources */,
				C75FB8FC282DDEA500F5C850 /* MoviesHome.swift in Sources */,
				C75FB8DE282DB8AA00F5C850 /* SceneDelegate.swift in Sources */,
				C75FB8F4282DBB4100F5C850 /* MoviesListModel.swift in Sources */,
			);
			runOnlyForDeploymentPostprocessing = 0;
		};
/* End PBXSourcesBuildPhase section */

/* Begin PBXVariantGroup section */
		C75FB8E1282DB8AA00F5C850 /* Main.storyboard */ = {
			isa = PBXVariantGroup;
			children = (
				C75FB8E2282DB8AA00F5C850 /* Base */,
			);
			name = Main.storyboard;
			sourceTree = "<group>";
		};
		C75FB8E6282DB8AC00F5C850 /* LaunchScreen.storyboard */ = {
			isa = PBXVariantGroup;
			children = (
				C75FB8E7282DB8AC00F5C850 /* Base */,
			);
			name = LaunchScreen.storyboard;
			sourceTree = "<group>";
		};
/* End PBXVariantGroup section */

/* Begin XCBuildConfiguration section */
		C75FB8EA282DB8AC00F5C850 /* Debug */ = {
			isa = XCBuildConfiguration;
			buildSettings = {
				ALWAYS_SEARCH_USER_PATHS = NO;
				CLANG_ANALYZER_NONNULL = YES;
				CLANG_ANALYZER_NUMBER_OBJECT_CONVERSION = YES_AGGRESSIVE;
				CLANG_CXX_LANGUAGE_STANDARD = "gnu++17";
				CLANG_ENABLE_MODULES = YES;
				CLANG_ENABLE_OBJC_ARC = YES;
				CLANG_ENABLE_OBJC_WEAK = YES;
				CLANG_WARN_BLOCK_CAPTURE_AUTORELEASING = YES;
				CLANG_WARN_BOOL_CONVERSION = YES;
				CLANG_WARN_COMMA = YES;
				CLANG_WARN_CONSTANT_CONVERSION = YES;
				CLANG_WARN_DEPRECATED_OBJC_IMPLEMENTATIONS = YES;
				CLANG_WARN_DIRECT_OBJC_ISA_USAGE = YES_ERROR;
				CLANG_WARN_DOCUMENTATION_COMMENTS = YES;
				CLANG_WARN_EMPTY_BODY = YES;
				CLANG_WARN_ENUM_CONVERSION = YES;
				CLANG_WARN_INFINITE_RECURSION = YES;
				CLANG_WARN_INT_CONVERSION = YES;
				CLANG_WARN_NON_LITERAL_NULL_CONVERSION = YES;
				CLANG_WARN_OBJC_IMPLICIT_RETAIN_SELF = YES;
				CLANG_WARN_OBJC_LITERAL_CONVERSION = YES;
				CLANG_WARN_OBJC_ROOT_CLASS = YES_ERROR;
				CLANG_WARN_QUOTED_INCLUDE_IN_FRAMEWORK_HEADER = YES;
				CLANG_WARN_RANGE_LOOP_ANALYSIS = YES;
				CLANG_WARN_STRICT_PROTOTYPES = YES;
				CLANG_WARN_SUSPICIOUS_MOVE = YES;
				CLANG_WARN_UNGUARDED_AVAILABILITY = YES_AGGRESSIVE;
				CLANG_WARN_UNREACHABLE_CODE = YES;
				CLANG_WARN__DUPLICATE_METHOD_MATCH = YES;
				COPY_PHASE_STRIP = NO;
				DEBUG_INFORMATION_FORMAT = dwarf;
				ENABLE_STRICT_OBJC_MSGSEND = YES;
				ENABLE_TESTABILITY = YES;
				GCC_C_LANGUAGE_STANDARD = gnu11;
				GCC_DYNAMIC_NO_PIC = NO;
				GCC_NO_COMMON_BLOCKS = YES;
				GCC_OPTIMIZATION_LEVEL = 0;
				GCC_PREPROCESSOR_DEFINITIONS = (
					"DEBUG=1",
					"$(inherited)",
				);
				GCC_WARN_64_TO_32_BIT_CONVERSION = YES;
				GCC_WARN_ABOUT_RETURN_TYPE = YES_ERROR;
				GCC_WARN_UNDECLARED_SELECTOR = YES;
				GCC_WARN_UNINITIALIZED_AUTOS = YES_AGGRESSIVE;
				GCC_WARN_UNUSED_FUNCTION = YES;
				GCC_WARN_UNUSED_VARIABLE = YES;
				IPHONEOS_DEPLOYMENT_TARGET = 15.4;
				MTL_ENABLE_DEBUG_INFO = INCLUDE_SOURCE;
				MTL_FAST_MATH = YES;
				ONLY_ACTIVE_ARCH = YES;
				SDKROOT = iphoneos;
				SWIFT_ACTIVE_COMPILATION_CONDITIONS = DEBUG;
				SWIFT_OPTIMIZATION_LEVEL = "-Onone";
			};
			name = Debug;
		};
		C75FB8EB282DB8AC00F5C850 /* Release */ = {
			isa = XCBuildConfiguration;
			buildSettings = {
				ALWAYS_SEARCH_USER_PATHS = NO;
				CLANG_ANALYZER_NONNULL = YES;
				CLANG_ANALYZER_NUMBER_OBJECT_CONVERSION = YES_AGGRESSIVE;
				CLANG_CXX_LANGUAGE_STANDARD = "gnu++17";
				CLANG_ENABLE_MODULES = YES;
				CLANG_ENABLE_OBJC_ARC = YES;
				CLANG_ENABLE_OBJC_WEAK = YES;
				CLANG_WARN_BLOCK_CAPTURE_AUTORELEASING = YES;
				CLANG_WARN_BOOL_CONVERSION = YES;
				CLANG_WARN_COMMA = YES;
				CLANG_WARN_CONSTANT_CONVERSION = YES;
				CLANG_WARN_DEPRECATED_OBJC_IMPLEMENTATIONS = YES;
				CLANG_WARN_DIRECT_OBJC_ISA_USAGE = YES_ERROR;
				CLANG_WARN_DOCUMENTATION_COMMENTS = YES;
				CLANG_WARN_EMPTY_BODY = YES;
				CLANG_WARN_ENUM_CONVERSION = YES;
				CLANG_WARN_INFINITE_RECURSION = YES;
				CLANG_WARN_INT_CONVERSION = YES;
				CLANG_WARN_NON_LITERAL_NULL_CONVERSION = YES;
				CLANG_WARN_OBJC_IMPLICIT_RETAIN_SELF = YES;
				CLANG_WARN_OBJC_LITERAL_CONVERSION = YES;
				CLANG_WARN_OBJC_ROOT_CLASS = YES_ERROR;
				CLANG_WARN_QUOTED_INCLUDE_IN_FRAMEWORK_HEADER = YES;
				CLANG_WARN_RANGE_LOOP_ANALYSIS = YES;
				CLANG_WARN_STRICT_PROTOTYPES = YES;
				CLANG_WARN_SUSPICIOUS_MOVE = YES;
				CLANG_WARN_UNGUARDED_AVAILABILITY = YES_AGGRESSIVE;
				CLANG_WARN_UNREACHABLE_CODE = YES;
				CLANG_WARN__DUPLICATE_METHOD_MATCH = YES;
				COPY_PHASE_STRIP = NO;
				DEBUG_INFORMATION_FORMAT = "dwarf-with-dsym";
				ENABLE_NS_ASSERTIONS = NO;
				ENABLE_STRICT_OBJC_MSGSEND = YES;
				GCC_C_LANGUAGE_STANDARD = gnu11;
				GCC_NO_COMMON_BLOCKS = YES;
				GCC_WARN_64_TO_32_BIT_CONVERSION = YES;
				GCC_WARN_ABOUT_RETURN_TYPE = YES_ERROR;
				GCC_WARN_UNDECLARED_SELECTOR = YES;
				GCC_WARN_UNINITIALIZED_AUTOS = YES_AGGRESSIVE;
				GCC_WARN_UNUSED_FUNCTION = YES;
				GCC_WARN_UNUSED_VARIABLE = YES;
				IPHONEOS_DEPLOYMENT_TARGET = 15.4;
				MTL_ENABLE_DEBUG_INFO = NO;
				MTL_FAST_MATH = YES;
				SDKROOT = iphoneos;
				SWIFT_COMPILATION_MODE = wholemodule;
				SWIFT_OPTIMIZATION_LEVEL = "-O";
				VALIDATE_PRODUCT = YES;
			};
			name = Release;
		};
		C75FB8ED282DB8AC00F5C850 /* Debug */ = {
			isa = XCBuildConfiguration;
			buildSettings = {
				ASSETCATALOG_COMPILER_APPICON_NAME = AppIcon;
				ASSETCATALOG_COMPILER_GLOBAL_ACCENT_COLOR_NAME = AccentColor;
				CODE_SIGN_STYLE = Automatic;
				CURRENT_PROJECT_VERSION = 1;
				DEVELOPMENT_TEAM = 449XCN3X7T;
				GENERATE_INFOPLIST_FILE = YES;
				INFOPLIST_FILE = MoviesApp/Info.plist;
				INFOPLIST_KEY_UIApplicationSupportsIndirectInputEvents = YES;
				INFOPLIST_KEY_UILaunchStoryboardName = LaunchScreen;
				INFOPLIST_KEY_UIMainStoryboardFile = Main;
				INFOPLIST_KEY_UISupportedInterfaceOrientations_iPad = "UIInterfaceOrientationPortrait UIInterfaceOrientationPortraitUpsideDown UIInterfaceOrientationLandscapeLeft UIInterfaceOrientationLandscapeRight";
				INFOPLIST_KEY_UISupportedInterfaceOrientations_iPhone = "UIInterfaceOrientationPortrait UIInterfaceOrientationLandscapeLeft UIInterfaceOrientationLandscapeRight";
				LD_RUNPATH_SEARCH_PATHS = (
					"$(inherited)",
					"@executable_path/Frameworks",
				);
				MARKETING_VERSION = 1.0;
				PRODUCT_BUNDLE_IDENTIFIER = org.jonathangracia.MoviesApp;
				PRODUCT_NAME = "$(TARGET_NAME)";
				SWIFT_EMIT_LOC_STRINGS = YES;
				SWIFT_VERSION = 5.0;
				TARGETED_DEVICE_FAMILY = "1,2";
			};
			name = Debug;
		};
		C75FB8EE282DB8AC00F5C850 /* Release */ = {
			isa = XCBuildConfiguration;
			buildSettings = {
				ASSETCATALOG_COMPILER_APPICON_NAME = AppIcon;
				ASSETCATALOG_COMPILER_GLOBAL_ACCENT_COLOR_NAME = AccentColor;
				CODE_SIGN_STYLE = Automatic;
				CURRENT_PROJECT_VERSION = 1;
				DEVELOPMENT_TEAM = 449XCN3X7T;
				GENERATE_INFOPLIST_FILE = YES;
				INFOPLIST_FILE = MoviesApp/Info.plist;
				INFOPLIST_KEY_UIApplicationSupportsIndirectInputEvents = YES;
				INFOPLIST_KEY_UILaunchStoryboardName = LaunchScreen;
				INFOPLIST_KEY_UIMainStoryboardFile = Main;
				INFOPLIST_KEY_UISupportedInterfaceOrientations_iPad = "UIInterfaceOrientationPortrait UIInterfaceOrientationPortraitUpsideDown UIInterfaceOrientationLandscapeLeft UIInterfaceOrientationLandscapeRight";
				INFOPLIST_KEY_UISupportedInterfaceOrientations_iPhone = "UIInterfaceOrientationPortrait UIInterfaceOrientationLandscapeLeft UIInterfaceOrientationLandscapeRight";
				LD_RUNPATH_SEARCH_PATHS = (
					"$(inherited)",
					"@executable_path/Frameworks",
				);
				MARKETING_VERSION = 1.0;
				PRODUCT_BUNDLE_IDENTIFIER = org.jonathangracia.MoviesApp;
				PRODUCT_NAME = "$(TARGET_NAME)";
				SWIFT_EMIT_LOC_STRINGS = YES;
				SWIFT_VERSION = 5.0;
				TARGETED_DEVICE_FAMILY = "1,2";
			};
			name = Release;
		};
/* End XCBuildConfiguration section */

/* Begin XCConfigurationList section */
		C75FB8D3282DB8AA00F5C850 /* Build configuration list for PBXProject "MoviesApp" */ = {
			isa = XCConfigurationList;
			buildConfigurations = (
				C75FB8EA282DB8AC00F5C850 /* Debug */,
				C75FB8EB282DB8AC00F5C850 /* Release */,
			);
			defaultConfigurationIsVisible = 0;
			defaultConfigurationName = Release;
		};
		C75FB8EC282DB8AC00F5C850 /* Build configuration list for PBXNativeTarget "MoviesApp" */ = {
			isa = XCConfigurationList;
			buildConfigurations = (
				C75FB8ED282DB8AC00F5C850 /* Debug */,
				C75FB8EE282DB8AC00F5C850 /* Release */,
			);
			defaultConfigurationIsVisible = 0;
			defaultConfigurationName = Release;
		};
/* End XCConfigurationList section */

/* Begin XCRemoteSwiftPackageReference section */
		C75FB923282DE48A00F5C850 /* XCRemoteSwiftPackageReference "Kingfisher" */ = {
			isa = XCRemoteSwiftPackageReference;
			repositoryURL = "https://github.com/onevcat/Kingfisher.git";
			requirement = {
				branch = master;
				kind = branch;
			};
		};
/* End XCRemoteSwiftPackageReference section */

/* Begin XCSwiftPackageProductDependency section */
		C75FB924282DE48A00F5C850 /* Kingfisher */ = {
			isa = XCSwiftPackageProductDependency;
			package = C75FB923282DE48A00F5C850 /* XCRemoteSwiftPackageReference "Kingfisher" */;
			productName = Kingfisher;
		};
/* End XCSwiftPackageProductDependency section */
	};
	rootObject = C75FB8D0282DB8AA00F5C850 /* Project object */;
}
